// !$*UTF8*$!
{
	archiveVersion = 1;
	classes = {
	};
	objectVersion = 50;
	objects = {

/* Begin PBXBuildFile section */
		0342E94626A71912000283CB /* AppDelegate.m in Sources */ = {isa = PBXBuildFile; fileRef = 0342E94526A71912000283CB /* AppDelegate.m */; };
		0342E94926A71912000283CB /* SceneDelegate.m in Sources */ = {isa = PBXBuildFile; fileRef = 0342E94826A71912000283CB /* SceneDelegate.m */; };
		0342E94C26A71912000283CB /* ViewController.m in Sources */ = {isa = PBXBuildFile; fileRef = 0342E94B26A71912000283CB /* ViewController.m */; };
		0342E94F26A71912000283CB /* Main.storyboard in Resources */ = {isa = PBXBuildFile; fileRef = 0342E94D26A71912000283CB /* Main.storyboard */; };
		0342E95126A71918000283CB /* Assets.xcassets in Resources */ = {isa = PBXBuildFile; fileRef = 0342E95026A71918000283CB /* Assets.xcassets */; };
		0342E95426A71918000283CB /* LaunchScreen.storyboard in Resources */ = {isa = PBXBuildFile; fileRef = 0342E95226A71918000283CB /* LaunchScreen.storyboard */; };
		0342E95726A71918000283CB /* main.m in Sources */ = {isa = PBXBuildFile; fileRef = 0342E95626A71918000283CB /* main.m */; };
		0342E96126A71919000283CB /* BubbleViewDemoTests.m in Sources */ = {isa = PBXBuildFile; fileRef = 0342E96026A71919000283CB /* BubbleViewDemoTests.m */; };
		0342E96C26A71919000283CB /* BubbleViewDemoUITests.m in Sources */ = {isa = PBXBuildFile; fileRef = 0342E96B26A71919000283CB /* BubbleViewDemoUITests.m */; };
		0342E97B26A71985000283CB /* BubbleView.m in Sources */ = {isa = PBXBuildFile; fileRef = 0342E97A26A71985000283CB /* BubbleView.m */; };
/* End PBXBuildFile section */

/* Begin PBXContainerItemProxy section */
		0342E95D26A71919000283CB /* PBXContainerItemProxy */ = {
			isa = PBXContainerItemProxy;
			containerPortal = 0342E93926A71912000283CB /* Project object */;
			proxyType = 1;
			remoteGlobalIDString = 0342E94026A71912000283CB;
			remoteInfo = BubbleViewDemo;
		};
		0342E96826A71919000283CB /* PBXContainerItemProxy */ = {
			isa = PBXContainerItemProxy;
			containerPortal = 0342E93926A71912000283CB /* Project object */;
			proxyType = 1;
			remoteGlobalIDString = 0342E94026A71912000283CB;
			remoteInfo = BubbleViewDemo;
		};
/* End PBXContainerItemProxy section */

/* Begin PBXFileReference section */
		0342E94126A71912000283CB /* BubbleViewDemo.app */ = {isa = PBXFileReference; explicitFileType = wrapper.application; includeInIndex = 0; path = BubbleViewDemo.app; sourceTree = BUILT_PRODUCTS_DIR; };
		0342E94426A71912000283CB /* AppDelegate.h */ = {isa = PBXFileReference; lastKnownFileType = sourcecode.c.h; path = AppDelegate.h; sourceTree = "<group>"; };
		0342E94526A71912000283CB /* AppDelegate.m */ = {isa = PBXFileReference; lastKnownFileType = sourcecode.c.objc; path = AppDelegate.m; sourceTree = "<group>"; };
		0342E94726A71912000283CB /* SceneDelegate.h */ = {isa = PBXFileReference; lastKnownFileType = sourcecode.c.h; path = SceneDelegate.h; sourceTree = "<group>"; };
		0342E94826A71912000283CB /* SceneDelegate.m */ = {isa = PBXFileReference; lastKnownFileType = sourcecode.c.objc; path = SceneDelegate.m; sourceTree = "<group>"; };
		0342E94A26A71912000283CB /* ViewController.h */ = {isa = PBXFileReference; lastKnownFileType = sourcecode.c.h; path = ViewController.h; sourceTree = "<group>"; };
		0342E94B26A71912000283CB /* ViewController.m */ = {isa = PBXFileReference; lastKnownFileType = sourcecode.c.objc; path = ViewController.m; sourceTree = "<group>"; };
		0342E94E26A71912000283CB /* Base */ = {isa = PBXFileReference; lastKnownFileType = file.storyboard; name = Base; path = Base.lproj/Main.storyboard; sourceTree = "<group>"; };
		0342E95026A71918000283CB /* Assets.xcassets */ = {isa = PBXFileReference; lastKnownFileType = folder.assetcatalog; path = Assets.xcassets; sourceTree = "<group>"; };
		0342E95326A71918000283CB /* Base */ = {isa = PBXFileReference; lastKnownFileType = file.storyboard; name = Base; path = Base.lproj/LaunchScreen.storyboard; sourceTree = "<group>"; };
		0342E95526A71918000283CB /* Info.plist */ = {isa = PBXFileReference; lastKnownFileType = text.plist.xml; path = Info.plist; sourceTree = "<group>"; };
		0342E95626A71918000283CB /* main.m */ = {isa = PBXFileReference; lastKnownFileType = sourcecode.c.objc; path = main.m; sourceTree = "<group>"; };
		0342E95C26A71919000283CB /* BubbleViewDemoTests.xctest */ = {isa = PBXFileReference; explicitFileType = wrapper.cfbundle; includeInIndex = 0; path = BubbleViewDemoTests.xctest; sourceTree = BUILT_PRODUCTS_DIR; };
		0342E96026A71919000283CB /* BubbleViewDemoTests.m */ = {isa = PBXFileReference; lastKnownFileType = sourcecode.c.objc; path = BubbleViewDemoTests.m; sourceTree = "<group>"; };
		0342E96226A71919000283CB /* Info.plist */ = {isa = PBXFileReference; lastKnownFileType = text.plist.xml; path = Info.plist; sourceTree = "<group>"; };
		0342E96726A71919000283CB /* BubbleViewDemoUITests.xctest */ = {isa = PBXFileReference; explicitFileType = wrapper.cfbundle; includeInIndex = 0; path = BubbleViewDemoUITests.xctest; sourceTree = BUILT_PRODUCTS_DIR; };
		0342E96B26A71919000283CB /* BubbleViewDemoUITests.m */ = {isa = PBXFileReference; lastKnownFileType = sourcecode.c.objc; path = BubbleViewDemoUITests.m; sourceTree = "<group>"; };
		0342E96D26A71919000283CB /* Info.plist */ = {isa = PBXFileReference; lastKnownFileType = text.plist.xml; path = Info.plist; sourceTree = "<group>"; };
		0342E97926A71985000283CB /* BubbleView.h */ = {isa = PBXFileReference; lastKnownFileType = sourcecode.c.h; path = BubbleView.h; sourceTree = "<group>"; };
		0342E97A26A71985000283CB /* BubbleView.m */ = {isa = PBXFileReference; lastKnownFileType = sourcecode.c.objc; path = BubbleView.m; sourceTree = "<group>"; };
/* End PBXFileReference section */

/* Begin PBXFrameworksBuildPhase section */
		0342E93E26A71912000283CB /* Frameworks */ = {
			isa = PBXFrameworksBuildPhase;
			buildActionMask = 2147483647;
			files = (
			);
			runOnlyForDeploymentPostprocessing = 0;
		};
		0342E95926A71919000283CB /* Frameworks */ = {
			isa = PBXFrameworksBuildPhase;
			buildActionMask = 2147483647;
			files = (
			);
			runOnlyForDeploymentPostprocessing = 0;
		};
		0342E96426A71919000283CB /* Frameworks */ = {
			isa = PBXFrameworksBuildPhase;
			buildActionMask = 2147483647;
			files = (
			);
			runOnlyForDeploymentPostprocessing = 0;
		};
/* End PBXFrameworksBuildPhase section */

/* Begin PBXGroup section */
		0342E93826A71912000283CB = {
			isa = PBXGroup;
			children = (
				0342E94326A71912000283CB /* BubbleViewDemo */,
				0342E95F26A71919000283CB /* BubbleViewDemoTests */,
				0342E96A26A71919000283CB /* BubbleViewDemoUITests */,
				0342E94226A71912000283CB /* Products */,
			);
			sourceTree = "<group>";
		};
		0342E94226A71912000283CB /* Products */ = {
			isa = PBXGroup;
			children = (
				0342E94126A71912000283CB /* BubbleViewDemo.app */,
				0342E95C26A71919000283CB /* BubbleViewDemoTests.xctest */,
				0342E96726A71919000283CB /* BubbleViewDemoUITests.xctest */,
			);
			name = Products;
			sourceTree = "<group>";
		};
		0342E94326A71912000283CB /* BubbleViewDemo */ = {
			isa = PBXGroup;
			children = (
				0342E94426A71912000283CB /* AppDelegate.h */,
				0342E94526A71912000283CB /* AppDelegate.m */,
				0342E97926A71985000283CB /* BubbleView.h */,
				0342E97A26A71985000283CB /* BubbleView.m */,
				0342E94726A71912000283CB /* SceneDelegate.h */,
				0342E94826A71912000283CB /* SceneDelegate.m */,
				0342E94A26A71912000283CB /* ViewController.h */,
				0342E94B26A71912000283CB /* ViewController.m */,
				0342E94D26A71912000283CB /* Main.storyboard */,
				0342E95026A71918000283CB /* Assets.xcassets */,
				0342E95226A71918000283CB /* LaunchScreen.storyboard */,
				0342E95526A71918000283CB /* Info.plist */,
				0342E95626A71918000283CB /* main.m */,
			);
			path = BubbleViewDemo;
			sourceTree = "<group>";
		};
		0342E95F26A71919000283CB /* BubbleViewDemoTests */ = {
			isa = PBXGroup;
			children = (
				0342E96026A71919000283CB /* BubbleViewDemoTests.m */,
				0342E96226A71919000283CB /* Info.plist */,
			);
			path = BubbleViewDemoTests;
			sourceTree = "<group>";
		};
		0342E96A26A71919000283CB /* BubbleViewDemoUITests */ = {
			isa = PBXGroup;
			children = (
				0342E96B26A71919000283CB /* BubbleViewDemoUITests.m */,
				0342E96D26A71919000283CB /* Info.plist */,
			);
			path = BubbleViewDemoUITests;
			sourceTree = "<group>";
		};
/* End PBXGroup section */

/* Begin PBXNativeTarget section */
		0342E94026A71912000283CB /* BubbleViewDemo */ = {
			isa = PBXNativeTarget;
			buildConfigurationList = 0342E97026A71919000283CB /* Build configuration list for PBXNativeTarget "BubbleViewDemo" */;
			buildPhases = (
				0342E93D26A71912000283CB /* Sources */,
				0342E93E26A71912000283CB /* Frameworks */,
				0342E93F26A71912000283CB /* Resources */,
			);
			buildRules = (
			);
			dependencies = (
			);
			name = BubbleViewDemo;
			productName = BubbleViewDemo;
			productReference = 0342E94126A71912000283CB /* BubbleViewDemo.app */;
			productType = "com.apple.product-type.application";
		};
		0342E95B26A71919000283CB /* BubbleViewDemoTests */ = {
			isa = PBXNativeTarget;
			buildConfigurationList = 0342E97326A71919000283CB /* Build configuration list for PBXNativeTarget "BubbleViewDemoTests" */;
			buildPhases = (
				0342E95826A71919000283CB /* Sources */,
				0342E95926A71919000283CB /* Frameworks */,
				0342E95A26A71919000283CB /* Resources */,
			);
			buildRules = (
			);
			dependencies = (
				0342E95E26A71919000283CB /* PBXTargetDependency */,
			);
			name = BubbleViewDemoTests;
			productName = BubbleViewDemoTests;
			productReference = 0342E95C26A71919000283CB /* BubbleViewDemoTests.xctest */;
			productType = "com.apple.product-type.bundle.unit-test";
		};
		0342E96626A71919000283CB /* BubbleViewDemoUITests */ = {
			isa = PBXNativeTarget;
			buildConfigurationList = 0342E97626A71919000283CB /* Build configuration list for PBXNativeTarget "BubbleViewDemoUITests" */;
			buildPhases = (
				0342E96326A71919000283CB /* Sources */,
				0342E96426A71919000283CB /* Frameworks */,
				0342E96526A71919000283CB /* Resources */,
			);
			buildRules = (
			);
			dependencies = (
				0342E96926A71919000283CB /* PBXTargetDependency */,
			);
			name = BubbleViewDemoUITests;
			productName = BubbleViewDemoUITests;
			productReference = 0342E96726A71919000283CB /* BubbleViewDemoUITests.xctest */;
			productType = "com.apple.product-type.bundle.ui-testing";
		};
/* End PBXNativeTarget section */

/* Begin PBXProject section */
		0342E93926A71912000283CB /* Project object */ = {
			isa = PBXProject;
			attributes = {
				LastUpgradeCheck = 1150;
				ORGANIZATIONNAME = "王颖博";
				TargetAttributes = {
					0342E94026A71912000283CB = {
						CreatedOnToolsVersion = 11.5;
					};
					0342E95B26A71919000283CB = {
						CreatedOnToolsVersion = 11.5;
						TestTargetID = 0342E94026A71912000283CB;
					};
					0342E96626A71919000283CB = {
						CreatedOnToolsVersion = 11.5;
						TestTargetID = 0342E94026A71912000283CB;
					};
				};
			};
			buildConfigurationList = 0342E93C26A71912000283CB /* Build configuration list for PBXProject "BubbleViewDemo" */;
			compatibilityVersion = "Xcode 9.3";
			developmentRegion = en;
			hasScannedForEncodings = 0;
			knownRegions = (
				en,
				Base,
			);
			mainGroup = 0342E93826A71912000283CB;
			productRefGroup = 0342E94226A71912000283CB /* Products */;
			projectDirPath = "";
			projectRoot = "";
			targets = (
				0342E94026A71912000283CB /* BubbleViewDemo */,
				0342E95B26A71919000283CB /* BubbleViewDemoTests */,
				0342E96626A71919000283CB /* BubbleViewDemoUITests */,
			);
		};
/* End PBXProject section */

/* Begin PBXResourcesBuildPhase section */
		0342E93F26A71912000283CB /* Resources */ = {
			isa = PBXResourcesBuildPhase;
			buildActionMask = 2147483647;
			files = (
				0342E95426A71918000283CB /* LaunchScreen.storyboard in Resources */,
				0342E95126A71918000283CB /* Assets.xcassets in Resources */,
				0342E94F26A71912000283CB /* Main.storyboard in Resources */,
			);
			runOnlyForDeploymentPostprocessing = 0;
		};
		0342E95A26A71919000283CB /* Resources */ = {
			isa = PBXResourcesBuildPhase;
			buildActionMask = 2147483647;
			files = (
			);
			runOnlyForDeploymentPostprocessing = 0;
		};
		0342E96526A71919000283CB /* Resources */ = {
			isa = PBXResourcesBuildPhase;
			buildActionMask = 2147483647;
			files = (
			);
			runOnlyForDeploymentPostprocessing = 0;
		};
/* End PBXResourcesBuildPhase section */

/* Begin PBXSourcesBuildPhase section */
		0342E93D26A71912000283CB /* Sources */ = {
			isa = PBXSourcesBuildPhase;
			buildActionMask = 2147483647;
			files = (
				0342E94C26A71912000283CB /* ViewController.m in Sources */,
				0342E94626A71912000283CB /* AppDelegate.m in Sources */,
				0342E97B26A71985000283CB /* BubbleView.m in Sources */,
				0342E95726A71918000283CB /* main.m in Sources */,
				0342E94926A71912000283CB /* SceneDelegate.m in Sources */,
			);
			runOnlyForDeploymentPostprocessing = 0;
		};
		0342E95826A71919000283CB /* Sources */ = {
			isa = PBXSourcesBuildPhase;
			buildActionMask = 2147483647;
			files = (
				0342E96126A71919000283CB /* BubbleViewDemoTests.m in Sources */,
			);
			runOnlyForDeploymentPostprocessing = 0;
		};
		0342E96326A71919000283CB /* Sources */ = {
			isa = PBXSourcesBuildPhase;
			buildActionMask = 2147483647;
			files = (
				0342E96C26A71919000283CB /* BubbleViewDemoUITests.m in Sources */,
			);
			runOnlyForDeploymentPostprocessing = 0;
		};
/* End PBXSourcesBuildPhase section */

/* Begin PBXTargetDependency section */
		0342E95E26A71919000283CB /* PBXTargetDependency */ = {
			isa = PBXTargetDependency;
			target = 0342E94026A71912000283CB /* BubbleViewDemo */;
			targetProxy = 0342E95D26A71919000283CB /* PBXContainerItemProxy */;
		};
		0342E96926A71919000283CB /* PBXTargetDependency */ = {
			isa = PBXTargetDependency;
			target = 0342E94026A71912000283CB /* BubbleViewDemo */;
			targetProxy = 0342E96826A71919000283CB /* PBXContainerItemProxy */;
		};
/* End PBXTargetDependency section */

/* Begin PBXVariantGroup section */
		0342E94D26A71912000283CB /* Main.storyboard */ = {
			isa = PBXVariantGroup;
			children = (
				0342E94E26A71912000283CB /* Base */,
			);
			name = Main.storyboard;
			sourceTree = "<group>";
		};
		0342E95226A71918000283CB /* LaunchScreen.storyboard */ = {
			isa = PBXVariantGroup;
			children = (
				0342E95326A71918000283CB /* Base */,
			);
			name = LaunchScreen.storyboard;
			sourceTree = "<group>";
		};
/* End PBXVariantGroup section */

/* Begin XCBuildConfiguration section */
		0342E96E26A71919000283CB /* Debug */ = {
			isa = XCBuildConfiguration;
			buildSettings = {
				ALWAYS_SEARCH_USER_PATHS = NO;
				CLANG_ANALYZER_NONNULL = YES;
				CLANG_ANALYZER_NUMBER_OBJECT_CONVERSION = YES_AGGRESSIVE;
				CLANG_CXX_LANGUAGE_STANDARD = "gnu++14";
				CLANG_CXX_LIBRARY = "libc++";
				CLANG_ENABLE_MODULES = YES;
				CLANG_ENABLE_OBJC_ARC = YES;
				CLANG_ENABLE_OBJC_WEAK = YES;
				CLANG_WARN_BLOCK_CAPTURE_AUTORELEASING = YES;
				CLANG_WARN_BOOL_CONVERSION = YES;
				CLANG_WARN_COMMA = YES;
				CLANG_WARN_CONSTANT_CONVERSION = YES;
				CLANG_WARN_DEPRECATED_OBJC_IMPLEMENTATIONS = YES;
				CLANG_WARN_DIRECT_OBJC_ISA_USAGE = YES_ERROR;
				CLANG_WARN_DOCUMENTATION_COMMENTS = YES;
				CLANG_WARN_EMPTY_BODY = YES;
				CLANG_WARN_ENUM_CONVERSION = YES;
				CLANG_WARN_INFINITE_RECURSION = YES;
				CLANG_WARN_INT_CONVERSION = YES;
				CLANG_WARN_NON_LITERAL_NULL_CONVERSION = YES;
				CLANG_WARN_OBJC_IMPLICIT_RETAIN_SELF = YES;
				CLANG_WARN_OBJC_LITERAL_CONVERSION = YES;
				CLANG_WARN_OBJC_ROOT_CLASS = YES_ERROR;
				CLANG_WARN_RANGE_LOOP_ANALYSIS = YES;
				CLANG_WARN_STRICT_PROTOTYPES = YES;
				CLANG_WARN_SUSPICIOUS_MOVE = YES;
				CLANG_WARN_UNGUARDED_AVAILABILITY = YES_AGGRESSIVE;
				CLANG_WARN_UNREACHABLE_CODE = YES;
				CLANG_WARN__DUPLICATE_METHOD_MATCH = YES;
				COPY_PHASE_STRIP = NO;
				DEBUG_INFORMATION_FORMAT = dwarf;
				ENABLE_STRICT_OBJC_MSGSEND = YES;
				ENABLE_TESTABILITY = YES;
				GCC_C_LANGUAGE_STANDARD = gnu11;
				GCC_DYNAMIC_NO_PIC = NO;
				GCC_NO_COMMON_BLOCKS = YES;
				GCC_OPTIMIZATION_LEVEL = 0;
				GCC_PREPROCESSOR_DEFINITIONS = (
					"DEBUG=1",
					"$(inherited)",
				);
				GCC_WARN_64_TO_32_BIT_CONVERSION = YES;
				GCC_WARN_ABOUT_RETURN_TYPE = YES_ERROR;
				GCC_WARN_UNDECLARED_SELECTOR = YES;
				GCC_WARN_UNINITIALIZED_AUTOS = YES_AGGRESSIVE;
				GCC_WARN_UNUSED_FUNCTION = YES;
				GCC_WARN_UNUSED_VARIABLE = YES;
				IPHONEOS_DEPLOYMENT_TARGET = 13.5;
				MTL_ENABLE_DEBUG_INFO = INCLUDE_SOURCE;
				MTL_FAST_MATH = YES;
				ONLY_ACTIVE_ARCH = YES;
				SDKROOT = iphoneos;
			};
			name = Debug;
		};
		0342E96F26A71919000283CB /* Release */ = {
			isa = XCBuildConfiguration;
			buildSettings = {
				ALWAYS_SEARCH_USER_PATHS = NO;
				CLANG_ANALYZER_NONNULL = YES;
				CLANG_ANALYZER_NUMBER_OBJECT_CONVERSION = YES_AGGRESSIVE;
				CLANG_CXX_LANGUAGE_STANDARD = "gnu++14";
				CLANG_CXX_LIBRARY = "libc++";
				CLANG_ENABLE_MODULES = YES;
				CLANG_ENABLE_OBJC_ARC = YES;
				CLANG_ENABLE_OBJC_WEAK = YES;
				CLANG_WARN_BLOCK_CAPTURE_AUTORELEASING = YES;
				CLANG_WARN_BOOL_CONVERSION = YES;
				CLANG_WARN_COMMA = YES;
				CLANG_WARN_CONSTANT_CONVERSION = YES;
				CLANG_WARN_DEPRECATED_OBJC_IMPLEMENTATIONS = YES;
				CLANG_WARN_DIRECT_OBJC_ISA_USAGE = YES_ERROR;
				CLANG_WARN_DOCUMENTATION_COMMENTS = YES;
				CLANG_WARN_EMPTY_BODY = YES;
				CLANG_WARN_ENUM_CONVERSION = YES;
				CLANG_WARN_INFINITE_RECURSION = YES;
				CLANG_WARN_INT_CONVERSION = YES;
				CLANG_WARN_NON_LITERAL_NULL_CONVERSION = YES;
				CLANG_WARN_OBJC_IMPLICIT_RETAIN_SELF = YES;
				CLANG_WARN_OBJC_LITERAL_CONVERSION = YES;
				CLANG_WARN_OBJC_ROOT_CLASS = YES_ERROR;
				CLANG_WARN_RANGE_LOOP_ANALYSIS = YES;
				CLANG_WARN_STRICT_PROTOTYPES = YES;
				CLANG_WARN_SUSPICIOUS_MOVE = YES;
				CLANG_WARN_UNGUARDED_AVAILABILITY = YES_AGGRESSIVE;
				CLANG_WARN_UNREACHABLE_CODE = YES;
				CLANG_WARN__DUPLICATE_METHOD_MATCH = YES;
				COPY_PHASE_STRIP = NO;
				DEBUG_INFORMATION_FORMAT = "dwarf-with-dsym";
				ENABLE_NS_ASSERTIONS = NO;
				ENABLE_STRICT_OBJC_MSGSEND = YES;
				GCC_C_LANGUAGE_STANDARD = gnu11;
				GCC_NO_COMMON_BLOCKS = YES;
				GCC_WARN_64_TO_32_BIT_CONVERSION = YES;
				GCC_WARN_ABOUT_RETURN_TYPE = YES_ERROR;
				GCC_WARN_UNDECLARED_SELECTOR = YES;
				GCC_WARN_UNINITIALIZED_AUTOS = YES_AGGRESSIVE;
				GCC_WARN_UNUSED_FUNCTION = YES;
				GCC_WARN_UNUSED_VARIABLE = YES;
				IPHONEOS_DEPLOYMENT_TARGET = 13.5;
				MTL_ENABLE_DEBUG_INFO = NO;
				MTL_FAST_MATH = YES;
				SDKROOT = iphoneos;
				VALIDATE_PRODUCT = YES;
			};
			name = Release;
		};
		0342E97126A71919000283CB /* Debug */ = {
			isa = XCBuildConfiguration;
			buildSettings = {
				ASSETCATALOG_COMPILER_APPICON_NAME = AppIcon;
				CODE_SIGN_STYLE = Automatic;
				DEVELOPMENT_TEAM = 2T9CHG78WE;
				INFOPLIST_FILE = BubbleViewDemo/Info.plist;
				LD_RUNPATH_SEARCH_PATHS = (
					"$(inherited)",
					"@executable_path/Frameworks",
				);
				PRODUCT_BUNDLE_IDENTIFIER = top.wangyingbo.www.BubbleViewDemo;
				PRODUCT_NAME = "$(TARGET_NAME)";
				TARGETED_DEVICE_FAMILY = "1,2";
			};
			name = Debug;
		};
		0342E97226A71919000283CB /* Release */ = {
			isa = XCBuildConfiguration;
			buildSettings = {
				ASSETCATALOG_COMPILER_APPICON_NAME = AppIcon;
				CODE_SIGN_STYLE = Automatic;
				DEVELOPMENT_TEAM = 2T9CHG78WE;
				INFOPLIST_FILE = BubbleViewDemo/Info.plist;
				LD_RUNPATH_SEARCH_PATHS = (
					"$(inherited)",
					"@executable_path/Frameworks",
				);
				PRODUCT_BUNDLE_IDENTIFIER = top.wangyingbo.www.BubbleViewDemo;
				PRODUCT_NAME = "$(TARGET_NAME)";
				TARGETED_DEVICE_FAMILY = "1,2";
			};
			name = Release;
		};
		0342E97426A71919000283CB /* Debug */ = {
			isa = XCBuildConfiguration;
			buildSettings = {
				BUNDLE_LOADER = "$(TEST_HOST)";
				CODE_SIGN_STYLE = Automatic;
				DEVELOPMENT_TEAM = 2T9CHG78WE;
				INFOPLIST_FILE = BubbleViewDemoTests/Info.plist;
				IPHONEOS_DEPLOYMENT_TARGET = 13.5;
				LD_RUNPATH_SEARCH_PATHS = (
					"$(inherited)",
					"@executable_path/Frameworks",
					"@loader_path/Frameworks",
				);
				PRODUCT_BUNDLE_IDENTIFIER = top.wangyingbo.www.BubbleViewDemoTests;
				PRODUCT_NAME = "$(TARGET_NAME)";
				TARGETED_DEVICE_FAMILY = "1,2";
				TEST_HOST = "$(BUILT_PRODUCTS_DIR)/BubbleViewDemo.app/BubbleViewDemo";
			};
			name = Debug;
		};
		0342E97526A71919000283CB /* Release */ = {
			isa = XCBuildConfiguration;
			buildSettings = {
				BUNDLE_LOADER = "$(TEST_HOST)";
				CODE_SIGN_STYLE = Automatic;
				DEVELOPMENT_TEAM = 2T9CHG78WE;
				INFOPLIST_FILE = BubbleViewDemoTests/Info.plist;
				IPHONEOS_DEPLOYMENT_TARGET = 13.5;
				LD_RUNPATH_SEARCH_PATHS = (
					"$(inherited)",
					"@executable_path/Frameworks",
					"@loader_path/Frameworks",
				);
				PRODUCT_BUNDLE_IDENTIFIER = top.wangyingbo.www.BubbleViewDemoTests;
				PRODUCT_NAME = "$(TARGET_NAME)";
				TARGETED_DEVICE_FAMILY = "1,2";
				TEST_HOST = "$(BUILT_PRODUCTS_DIR)/BubbleViewDemo.app/BubbleViewDemo";
			};
			name = Release;
		};
		0342E97726A71919000283CB /* Debug */ = {
			isa = XCBuildConfiguration;
			buildSettings = {
				CODE_SIGN_STYLE = Automatic;
				DEVELOPMENT_TEAM = 2T9CHG78WE;
				INFOPLIST_FILE = BubbleViewDemoUITests/Info.plist;
				LD_RUNPATH_SEARCH_PATHS = (
					"$(inherited)",
					"@executable_path/Frameworks",
					"@loader_path/Frameworks",
				);
				PRODUCT_BUNDLE_IDENTIFIER = top.wangyingbo.www.BubbleViewDemoUITests;
				PRODUCT_NAME = "$(TARGET_NAME)";
				TARGETED_DEVICE_FAMILY = "1,2";
				TEST_TARGET_NAME = BubbleViewDemo;
			};
			name = Debug;
		};
		0342E97826A71919000283CB /* Release */ = {
			isa = XCBuildConfiguration;
			buildSettings = {
				CODE_SIGN_STYLE = Automatic;
				DEVELOPMENT_TEAM = 2T9CHG78WE;
				INFOPLIST_FILE = BubbleViewDemoUITests/Info.plist;
				LD_RUNPATH_SEARCH_PATHS = (
					"$(inherited)",
					"@executable_path/Frameworks",
					"@loader_path/Frameworks",
				);
				PRODUCT_BUNDLE_IDENTIFIER = top.wangyingbo.www.BubbleViewDemoUITests;
				PRODUCT_NAME = "$(TARGET_NAME)";
				TARGETED_DEVICE_FAMILY = "1,2";
				TEST_TARGET_NAME = BubbleViewDemo;
			};
			name = Release;
		};
/* End XCBuildConfiguration section */

/* Begin XCConfigurationList section */
		0342E93C26A71912000283CB /* Build configuration list for PBXProject "BubbleViewDemo" */ = {
			isa = XCConfigurationList;
			buildConfigurations = (
				0342E96E26A71919000283CB /* Debug */,
				0342E96F26A71919000283CB /* Release */,
			);
			defaultConfigurationIsVisible = 0;
			defaultConfigurationName = Release;
		};
		0342E97026A71919000283CB /* Build configuration list for PBXNativeTarget "BubbleViewDemo" */ = {
			isa = XCConfigurationList;
			buildConfigurations = (
				0342E97126A71919000283CB /* Debug */,
				0342E97226A71919000283CB /* Release */,
			);
			defaultConfigurationIsVisible = 0;
			defaultConfigurationName = Release;
		};
		0342E97326A71919000283CB /* Build configuration list for PBXNativeTarget "BubbleViewDemoTests" */ = {
			isa = XCConfigurationList;
			buildConfigurations = (
				0342E97426A71919000283CB /* Debug */,
				0342E97526A71919000283CB /* Release */,
			);
			defaultConfigurationIsVisible = 0;
			defaultConfigurationName = Release;
		};
		0342E97626A71919000283CB /* Build configuration list for PBXNativeTarget "BubbleViewDemoUITests" */ = {
			isa = XCConfigurationList;
			buildConfigurations = (
				0342E97726A71919000283CB /* Debug */,
				0342E97826A71919000283CB /* Release */,
			);
			defaultConfigurationIsVisible = 0;
			defaultConfigurationName = Release;
		};
/* End XCConfigurationList section */
	};
	rootObject = 0342E93926A71912000283CB /* Project object */;
}
